
Microsoft Visual Studio Solution File, Format Version 12.00
Project("{FAE04EC0-301F-11D3-BF4B-00C04F79EFBC}") = "WebApplicationKol1", "WebApplicationKol1\WebApplicationKol1.csproj", "{8466B07A-BF16-4221-9C6D-F1D1F4ADDB6B}"
EndProject
Global
	GlobalSection(SolutionConfigurationPlatforms) = preSolution
		Debug|Any CPU = Debug|Any CPU
		Release|Any CPU = Release|Any CPU
	EndGlobalSection
	GlobalSection(ProjectConfigurationPlatforms) = postSolution
		{8466B07A-BF16-4221-9C6D-F1D1F4ADDB6B}.Debug|Any CPU.ActiveCfg = Debug|Any CPU
		{8466B07A-BF16-4221-9C6D-F1D1F4ADDB6B}.Debug|Any CPU.Build.0 = Debug|Any CPU
		{8466B07A-BF16-4221-9C6D-F1D1F4ADDB6B}.Release|Any CPU.ActiveCfg = Release|Any CPU
		{8466B07A-BF16-4221-9C6D-F1D1F4ADDB6B}.Release|Any CPU.Build.0 = Release|Any CPU
	EndGlobalSection
EndGlobal
